
Microsoft Visual Studio Solution File, Format Version 12.00
# Visual Studio Version 17
VisualStudioVersion = 17.11.35222.181
MinimumVisualStudioVersion = 10.0.40219.1
Project("{FAE04EC0-301F-11D3-BF4B-00C04F79EFBC}") = "LISTA-4", "LISTA-4\LISTA-4.csproj", "{09F38481-91F2-4940-8F59-2E28FEE953C2}"
EndProject
Global
	GlobalSection(SolutionConfigurationPlatforms) = preSolution
		Debug|Any CPU = Debug|Any CPU
		Release|Any CPU = Release|Any CPU
	EndGlobalSection
	GlobalSection(ProjectConfigurationPlatforms) = postSolution
		{09F38481-91F2-4940-8F59-2E28FEE953C2}.Debug|Any CPU.ActiveCfg = Debug|Any CPU
		{09F38481-91F2-4940-8F59-2E28FEE953C2}.Debug|Any CPU.Build.0 = Debug|Any CPU
		{09F38481-91F2-4940-8F59-2E28FEE953C2}.Release|Any CPU.ActiveCfg = Release|Any CPU
		{09F38481-91F2-4940-8F59-2E28FEE953C2}.Release|Any CPU.Build.0 = Release|Any CPU
	EndGlobalSection
	GlobalSection(SolutionProperties) = preSolution
		HideSolutionNode = FALSE
	EndGlobalSection
	GlobalSection(ExtensibilityGlobals) = postSolution
		SolutionGuid = {ED062263-B596-4833-99F8-5F32912E6018}
	EndGlobalSection
EndGlobal
